// !$*UTF8*$!
{
	archiveVersion = 1;
	classes = {
	};
	objectVersion = 46;
	objects = {

/* Begin PBXBuildFile section */
		E14936601D447775005A8B90 /* main.m in Sources */ = {isa = PBXBuildFile; fileRef = E149365F1D447775005A8B90 /* main.m */; };
		E14936631D447775005A8B90 /* AppDelegate.m in Sources */ = {isa = PBXBuildFile; fileRef = E14936621D447775005A8B90 /* AppDelegate.m */; };
		E14936661D447775005A8B90 /* ViewController.m in Sources */ = {isa = PBXBuildFile; fileRef = E14936651D447775005A8B90 /* ViewController.m */; };
		E14936691D447775005A8B90 /* Main.storyboard in Resources */ = {isa = PBXBuildFile; fileRef = E14936671D447775005A8B90 /* Main.storyboard */; };
		E149366B1D447775005A8B90 /* Assets.xcassets in Resources */ = {isa = PBXBuildFile; fileRef = E149366A1D447775005A8B90 /* Assets.xcassets */; };
		E149366E1D447775005A8B90 /* LaunchScreen.storyboard in Resources */ = {isa = PBXBuildFile; fileRef = E149366C1D447775005A8B90 /* LaunchScreen.storyboard */; };
		E14936791D447776005A8B90 /* UserLocationTests.m in Sources */ = {isa = PBXBuildFile; fileRef = E14936781D447776005A8B90 /* UserLocationTests.m */; };
		E14936841D447776005A8B90 /* UserLocationUITests.m in Sources */ = {isa = PBXBuildFile; fileRef = E14936831D447776005A8B90 /* UserLocationUITests.m */; };
		E14936921D4477E2005A8B90 /* CoreLocation.framework in Frameworks */ = {isa = PBXBuildFile; fileRef = E14936911D4477E2005A8B90 /* CoreLocation.framework */; };
		E14936941D448588005A8B90 /* MapKit.framework in Frameworks */ = {isa = PBXBuildFile; fileRef = E14936931D448588005A8B90 /* MapKit.framework */; };
/* End PBXBuildFile section */

/* Begin PBXContainerItemProxy section */
		E14936751D447775005A8B90 /* PBXContainerItemProxy */ = {
			isa = PBXContainerItemProxy;
			containerPortal = E14936531D447774005A8B90 /* Project object */;
			proxyType = 1;
			remoteGlobalIDString = E149365A1D447775005A8B90;
			remoteInfo = UserLocation;
		};
		E14936801D447776005A8B90 /* PBXContainerItemProxy */ = {
			isa = PBXContainerItemProxy;
			containerPortal = E14936531D447774005A8B90 /* Project object */;
			proxyType = 1;
			remoteGlobalIDString = E149365A1D447775005A8B90;
			remoteInfo = UserLocation;
		};
/* End PBXContainerItemProxy section */

/* Begin PBXFileReference section */
		56D6508FE04094795185E4C6 /* Pune.gpx */ = {isa = PBXFileReference; fileEncoding = 4; lastKnownFileType = gpx; path = Pune.gpx; sourceTree = "<group>"; };
		E149365B1D447775005A8B90 /* UserLocation.app */ = {isa = PBXFileReference; explicitFileType = wrapper.application; includeInIndex = 0; path = UserLocation.app; sourceTree = BUILT_PRODUCTS_DIR; };
		E149365F1D447775005A8B90 /* main.m */ = {isa = PBXFileReference; lastKnownFileType = sourcecode.c.objc; path = main.m; sourceTree = "<group>"; };
		E14936611D447775005A8B90 /* AppDelegate.h */ = {isa = PBXFileReference; lastKnownFileType = sourcecode.c.h; path = AppDelegate.h; sourceTree = "<group>"; };
		E14936621D447775005A8B90 /* AppDelegate.m */ = {isa = PBXFileReference; lastKnownFileType = sourcecode.c.objc; path = AppDelegate.m; sourceTree = "<group>"; };
		E14936641D447775005A8B90 /* ViewController.h */ = {isa = PBXFileReference; lastKnownFileType = sourcecode.c.h; path = ViewController.h; sourceTree = "<group>"; };
		E14936651D447775005A8B90 /* ViewController.m */ = {isa = PBXFileReference; lastKnownFileType = sourcecode.c.objc; path = ViewController.m; sourceTree = "<group>"; };
		E14936681D447775005A8B90 /* Base */ = {isa = PBXFileReference; lastKnownFileType = file.storyboard; name = Base; path = Base.lproj/Main.storyboard; sourceTree = "<group>"; };
		E149366A1D447775005A8B90 /* Assets.xcassets */ = {isa = PBXFileReference; lastKnownFileType = folder.assetcatalog; path = Assets.xcassets; sourceTree = "<group>"; };
		E149366D1D447775005A8B90 /* Base */ = {isa = PBXFileReference; lastKnownFileType = file.storyboard; name = Base; path = Base.lproj/LaunchScreen.storyboard; sourceTree = "<group>"; };
		E149366F1D447775005A8B90 /* Info.plist */ = {isa = PBXFileReference; lastKnownFileType = text.plist.xml; path = Info.plist; sourceTree = "<group>"; };
		E14936741D447775005A8B90 /* UserLocationTests.xctest */ = {isa = PBXFileReference; explicitFileType = wrapper.cfbundle; includeInIndex = 0; path = UserLocationTests.xctest; sourceTree = BUILT_PRODUCTS_DIR; };
		E14936781D447776005A8B90 /* UserLocationTests.m */ = {isa = PBXFileReference; lastKnownFileType = sourcecode.c.objc; path = UserLocationTests.m; sourceTree = "<group>"; };
		E149367A1D447776005A8B90 /* Info.plist */ = {isa = PBXFileReference; lastKnownFileType = text.plist.xml; path = Info.plist; sourceTree = "<group>"; };
		E149367F1D447776005A8B90 /* UserLocationUITests.xctest */ = {isa = PBXFileReference; explicitFileType = wrapper.cfbundle; includeInIndex = 0; path = UserLocationUITests.xctest; sourceTree = BUILT_PRODUCTS_DIR; };
		E14936831D447776005A8B90 /* UserLocationUITests.m */ = {isa = PBXFileReference; lastKnownFileType = sourcecode.c.objc; path = UserLocationUITests.m; sourceTree = "<group>"; };
		E14936851D447776005A8B90 /* Info.plist */ = {isa = PBXFileReference; lastKnownFileType = text.plist.xml; path = Info.plist; sourceTree = "<group>"; };
		E14936911D4477E2005A8B90 /* CoreLocation.framework */ = {isa = PBXFileReference; lastKnownFileType = wrapper.framework; name = CoreLocation.framework; path = System/Library/Frameworks/CoreLocation.framework; sourceTree = SDKROOT; };
		E14936931D448588005A8B90 /* MapKit.framework */ = {isa = PBXFileReference; lastKnownFileType = wrapper.framework; name = MapKit.framework; path = System/Library/Frameworks/MapKit.framework; sourceTree = SDKROOT; };
/* End PBXFileReference section */

/* Begin PBXFrameworksBuildPhase section */
		E14936581D447775005A8B90 /* Frameworks */ = {
			isa = PBXFrameworksBuildPhase;
			buildActionMask = 2147483647;
			files = (
				E14936941D448588005A8B90 /* MapKit.framework in Frameworks */,
				E14936921D4477E2005A8B90 /* CoreLocation.framework in Frameworks */,
			);
			runOnlyForDeploymentPostprocessing = 0;
		};
		E14936711D447775005A8B90 /* Frameworks */ = {
			isa = PBXFrameworksBuildPhase;
			buildActionMask = 2147483647;
			files = (
			);
			runOnlyForDeploymentPostprocessing = 0;
		};
		E149367C1D447776005A8B90 /* Frameworks */ = {
			isa = PBXFrameworksBuildPhase;
			buildActionMask = 2147483647;
			files = (
			);
			runOnlyForDeploymentPostprocessing = 0;
		};
/* End PBXFrameworksBuildPhase section */

/* Begin PBXGroup section */
		53E52C2BB7D62E4CE62BE87F /* GPX */ = {
			isa = PBXGroup;
			children = (
				56D6508FE04094795185E4C6 /* Pune.gpx */,
			);
			path = GPX;
			sourceTree = "<group>";
		};
		E14936521D447774005A8B90 = {
			isa = PBXGroup;
			children = (
				E14936931D448588005A8B90 /* MapKit.framework */,
				E14936911D4477E2005A8B90 /* CoreLocation.framework */,
				E149365D1D447775005A8B90 /* UserLocation */,
				E14936771D447775005A8B90 /* UserLocationTests */,
				E14936821D447776005A8B90 /* UserLocationUITests */,
				E149365C1D447775005A8B90 /* Products */,
				53E52C2BB7D62E4CE62BE87F /* GPX */,
			);
			sourceTree = "<group>";
		};
		E149365C1D447775005A8B90 /* Products */ = {
			isa = PBXGroup;
			children = (
				E149365B1D447775005A8B90 /* UserLocation.app */,
				E14936741D447775005A8B90 /* UserLocationTests.xctest */,
				E149367F1D447776005A8B90 /* UserLocationUITests.xctest */,
			);
			name = Products;
			sourceTree = "<group>";
		};
		E149365D1D447775005A8B90 /* UserLocation */ = {
			isa = PBXGroup;
			children = (
				E14936611D447775005A8B90 /* AppDelegate.h */,
				E14936621D447775005A8B90 /* AppDelegate.m */,
				E14936641D447775005A8B90 /* ViewController.h */,
				E14936651D447775005A8B90 /* ViewController.m */,
				E14936671D447775005A8B90 /* Main.storyboard */,
				E149366A1D447775005A8B90 /* Assets.xcassets */,
				E149366C1D447775005A8B90 /* LaunchScreen.storyboard */,
				E149366F1D447775005A8B90 /* Info.plist */,
				E149365E1D447775005A8B90 /* Supporting Files */,
			);
			path = UserLocation;
			sourceTree = "<group>";
		};
		E149365E1D447775005A8B90 /* Supporting Files */ = {
			isa = PBXGroup;
			children = (
				E149365F1D447775005A8B90 /* main.m */,
			);
			name = "Supporting Files";
			sourceTree = "<group>";
		};
		E14936771D447775005A8B90 /* UserLocationTests */ = {
			isa = PBXGroup;
			children = (
				E14936781D447776005A8B90 /* UserLocationTests.m */,
				E149367A1D447776005A8B90 /* Info.plist */,
			);
			path = UserLocationTests;
			sourceTree = "<group>";
		};
		E14936821D447776005A8B90 /* UserLocationUITests */ = {
			isa = PBXGroup;
			children = (
				E14936831D447776005A8B90 /* UserLocationUITests.m */,
				E14936851D447776005A8B90 /* Info.plist */,
			);
			path = UserLocationUITests;
			sourceTree = "<group>";
		};
/* End PBXGroup section */

/* Begin PBXNativeTarget section */
		E149365A1D447775005A8B90 /* UserLocation */ = {
			isa = PBXNativeTarget;
			buildConfigurationList = E14936881D447776005A8B90 /* Build configuration list for PBXNativeTarget "UserLocation" */;
			buildPhases = (
				E14936571D447775005A8B90 /* Sources */,
				E14936581D447775005A8B90 /* Frameworks */,
				E14936591D447775005A8B90 /* Resources */,
			);
			buildRules = (
			);
			dependencies = (
			);
			name = UserLocation;
			productName = UserLocation;
			productReference = E149365B1D447775005A8B90 /* UserLocation.app */;
			productType = "com.apple.product-type.application";
		};
		E14936731D447775005A8B90 /* UserLocationTests */ = {
			isa = PBXNativeTarget;
			buildConfigurationList = E149368B1D447776005A8B90 /* Build configuration list for PBXNativeTarget "UserLocationTests" */;
			buildPhases = (
				E14936701D447775005A8B90 /* Sources */,
				E14936711D447775005A8B90 /* Frameworks */,
				E14936721D447775005A8B90 /* Resources */,
			);
			buildRules = (
			);
			dependencies = (
				E14936761D447775005A8B90 /* PBXTargetDependency */,
			);
			name = UserLocationTests;
			productName = UserLocationTests;
			productReference = E14936741D447775005A8B90 /* UserLocationTests.xctest */;
			productType = "com.apple.product-type.bundle.unit-test";
		};
		E149367E1D447776005A8B90 /* UserLocationUITests */ = {
			isa = PBXNativeTarget;
			buildConfigurationList = E149368E1D447776005A8B90 /* Build configuration list for PBXNativeTarget "UserLocationUITests" */;
			buildPhases = (
				E149367B1D447776005A8B90 /* Sources */,
				E149367C1D447776005A8B90 /* Frameworks */,
				E149367D1D447776005A8B90 /* Resources */,
			);
			buildRules = (
			);
			dependencies = (
				E14936811D447776005A8B90 /* PBXTargetDependency */,
			);
			name = UserLocationUITests;
			productName = UserLocationUITests;
			productReference = E149367F1D447776005A8B90 /* UserLocationUITests.xctest */;
			productType = "com.apple.product-type.bundle.ui-testing";
		};
/* End PBXNativeTarget section */

/* Begin PBXProject section */
		E14936531D447774005A8B90 /* Project object */ = {
			isa = PBXProject;
			attributes = {
				LastUpgradeCheck = 0730;
				ORGANIZATIONNAME = "Aashish Tamsya";
				TargetAttributes = {
					E149365A1D447775005A8B90 = {
						CreatedOnToolsVersion = 7.3.1;
					};
					E14936731D447775005A8B90 = {
						CreatedOnToolsVersion = 7.3.1;
						TestTargetID = E149365A1D447775005A8B90;
					};
					E149367E1D447776005A8B90 = {
						CreatedOnToolsVersion = 7.3.1;
						TestTargetID = E149365A1D447775005A8B90;
					};
				};
			};
			buildConfigurationList = E14936561D447774005A8B90 /* Build configuration list for PBXProject "UserLocation" */;
			compatibilityVersion = "Xcode 3.2";
			developmentRegion = English;
			hasScannedForEncodings = 0;
			knownRegions = (
				en,
				Base,
			);
			mainGroup = E14936521D447774005A8B90;
			productRefGroup = E149365C1D447775005A8B90 /* Products */;
			projectDirPath = "";
			projectRoot = "";
			targets = (
				E149365A1D447775005A8B90 /* UserLocation */,
				E14936731D447775005A8B90 /* UserLocationTests */,
				E149367E1D447776005A8B90 /* UserLocationUITests */,
			);
		};
/* End PBXProject section */

/* Begin PBXResourcesBuildPhase section */
		E14936591D447775005A8B90 /* Resources */ = {
			isa = PBXResourcesBuildPhase;
			buildActionMask = 2147483647;
			files = (
				E149366E1D447775005A8B90 /* LaunchScreen.storyboard in Resources */,
				E149366B1D447775005A8B90 /* Assets.xcassets in Resources */,
				E14936691D447775005A8B90 /* Main.storyboard in Resources */,
			);
			runOnlyForDeploymentPostprocessing = 0;
		};
		E14936721D447775005A8B90 /* Resources */ = {
			isa = PBXResourcesBuildPhase;
			buildActionMask = 2147483647;
			files = (
			);
			runOnlyForDeploymentPostprocessing = 0;
		};
		E149367D1D447776005A8B90 /* Resources */ = {
			isa = PBXResourcesBuildPhase;
			buildActionMask = 2147483647;
			files = (
			);
			runOnlyForDeploymentPostprocessing = 0;
		};
/* End PBXResourcesBuildPhase section */

/* Begin PBXSourcesBuildPhase section */
		E14936571D447775005A8B90 /* Sources */ = {
			isa = PBXSourcesBuildPhase;
			buildActionMask = 2147483647;
			files = (
				E14936661D447775005A8B90 /* ViewController.m in Sources */,
				E14936631D447775005A8B90 /* AppDelegate.m in Sources */,
				E14936601D447775005A8B90 /* main.m in Sources */,
			);
			runOnlyForDeploymentPostprocessing = 0;
		};
		E14936701D447775005A8B90 /* Sources */ = {
			isa = PBXSourcesBuildPhase;
			buildActionMask = 2147483647;
			files = (
				E14936791D447776005A8B90 /* UserLocationTests.m in Sources */,
			);
			runOnlyForDeploymentPostprocessing = 0;
		};
		E149367B1D447776005A8B90 /* Sources */ = {
			isa = PBXSourcesBuildPhase;
			buildActionMask = 2147483647;
			files = (
				E14936841D447776005A8B90 /* UserLocationUITests.m in Sources */,
			);
			runOnlyForDeploymentPostprocessing = 0;
		};
/* End PBXSourcesBuildPhase section */

/* Begin PBXTargetDependency section */
		E14936761D447775005A8B90 /* PBXTargetDependency */ = {
			isa = PBXTargetDependency;
			target = E149365A1D447775005A8B90 /* UserLocation */;
			targetProxy = E14936751D447775005A8B90 /* PBXContainerItemProxy */;
		};
		E14936811D447776005A8B90 /* PBXTargetDependency */ = {
			isa = PBXTargetDependency;
			target = E149365A1D447775005A8B90 /* UserLocation */;
			targetProxy = E14936801D447776005A8B90 /* PBXContainerItemProxy */;
		};
/* End PBXTargetDependency section */

/* Begin PBXVariantGroup section */
		E14936671D447775005A8B90 /* Main.storyboard */ = {
			isa = PBXVariantGroup;
			children = (
				E14936681D447775005A8B90 /* Base */,
			);
			name = Main.storyboard;
			sourceTree = "<group>";
		};
		E149366C1D447775005A8B90 /* LaunchScreen.storyboard */ = {
			isa = PBXVariantGroup;
			children = (
				E149366D1D447775005A8B90 /* Base */,
			);
			name = LaunchScreen.storyboard;
			sourceTree = "<group>";
		};
/* End PBXVariantGroup section */

/* Begin XCBuildConfiguration section */
		E14936861D447776005A8B90 /* Debug */ = {
			isa = XCBuildConfiguration;
			buildSettings = {
				ALWAYS_SEARCH_USER_PATHS = NO;
				CLANG_ANALYZER_NONNULL = YES;
				CLANG_CXX_LANGUAGE_STANDARD = "gnu++0x";
				CLANG_CXX_LIBRARY = "libc++";
				CLANG_ENABLE_MODULES = YES;
				CLANG_ENABLE_OBJC_ARC = YES;
				CLANG_WARN_BOOL_CONVERSION = YES;
				CLANG_WARN_CONSTANT_CONVERSION = YES;
				CLANG_WARN_DIRECT_OBJC_ISA_USAGE = YES_ERROR;
				CLANG_WARN_EMPTY_BODY = YES;
				CLANG_WARN_ENUM_CONVERSION = YES;
				CLANG_WARN_INT_CONVERSION = YES;
				CLANG_WARN_OBJC_ROOT_CLASS = YES_ERROR;
				CLANG_WARN_UNREACHABLE_CODE = YES;
				CLANG_WARN__DUPLICATE_METHOD_MATCH = YES;
				"CODE_SIGN_IDENTITY[sdk=iphoneos*]" = "iPhone Developer";
				COPY_PHASE_STRIP = NO;
				DEBUG_INFORMATION_FORMAT = dwarf;
				ENABLE_STRICT_OBJC_MSGSEND = YES;
				ENABLE_TESTABILITY = YES;
				GCC_C_LANGUAGE_STANDARD = gnu99;
				GCC_DYNAMIC_NO_PIC = NO;
				GCC_NO_COMMON_BLOCKS = YES;
				GCC_OPTIMIZATION_LEVEL = 0;
				GCC_PREPROCESSOR_DEFINITIONS = (
					"DEBUG=1",
					"$(inherited)",
				);
				GCC_WARN_64_TO_32_BIT_CONVERSION = YES;
				GCC_WARN_ABOUT_RETURN_TYPE = YES_ERROR;
				GCC_WARN_UNDECLARED_SELECTOR = YES;
				GCC_WARN_UNINITIALIZED_AUTOS = YES_AGGRESSIVE;
				GCC_WARN_UNUSED_FUNCTION = YES;
				GCC_WARN_UNUSED_VARIABLE = YES;
				IPHONEOS_DEPLOYMENT_TARGET = 9.3;
				MTL_ENABLE_DEBUG_INFO = YES;
				ONLY_ACTIVE_ARCH = YES;
				SDKROOT = iphoneos;
				TARGETED_DEVICE_FAMILY = "1,2";
			};
			name = Debug;
		};
		E14936871D447776005A8B90 /* Release */ = {
			isa = XCBuildConfiguration;
			buildSettings = {
				ALWAYS_SEARCH_USER_PATHS = NO;
				CLANG_ANALYZER_NONNULL = YES;
				CLANG_CXX_LANGUAGE_STANDARD = "gnu++0x";
				CLANG_CXX_LIBRARY = "libc++";
				CLANG_ENABLE_MODULES = YES;
				CLANG_ENABLE_OBJC_ARC = YES;
				CLANG_WARN_BOOL_CONVERSION = YES;
				CLANG_WARN_CONSTANT_CONVERSION = YES;
				CLANG_WARN_DIRECT_OBJC_ISA_USAGE = YES_ERROR;
				CLANG_WARN_EMPTY_BODY = YES;
				CLANG_WARN_ENUM_CONVERSION = YES;
				CLANG_WARN_INT_CONVERSION = YES;
				CLANG_WARN_OBJC_ROOT_CLASS = YES_ERROR;
				CLANG_WARN_UNREACHABLE_CODE = YES;
				CLANG_WARN__DUPLICATE_METHOD_MATCH = YES;
				"CODE_SIGN_IDENTITY[sdk=iphoneos*]" = "iPhone Developer";
				COPY_PHASE_STRIP = NO;
				DEBUG_INFORMATION_FORMAT = "dwarf-with-dsym";
				ENABLE_NS_ASSERTIONS = NO;
				ENABLE_STRICT_OBJC_MSGSEND = YES;
				GCC_C_LANGUAGE_STANDARD = gnu99;
				GCC_NO_COMMON_BLOCKS = YES;
				GCC_WARN_64_TO_32_BIT_CONVERSION = YES;
				GCC_WARN_ABOUT_RETURN_TYPE = YES_ERROR;
				GCC_WARN_UNDECLARED_SELECTOR = YES;
				GCC_WARN_UNINITIALIZED_AUTOS = YES_AGGRESSIVE;
				GCC_WARN_UNUSED_FUNCTION = YES;
				GCC_WARN_UNUSED_VARIABLE = YES;
				IPHONEOS_DEPLOYMENT_TARGET = 9.3;
				MTL_ENABLE_DEBUG_INFO = NO;
				SDKROOT = iphoneos;
				TARGETED_DEVICE_FAMILY = "1,2";
				VALIDATE_PRODUCT = YES;
			};
			name = Release;
		};
		E14936891D447776005A8B90 /* Debug */ = {
			isa = XCBuildConfiguration;
			buildSettings = {
				ASSETCATALOG_COMPILER_APPICON_NAME = AppIcon;
				INFOPLIST_FILE = UserLocation/Info.plist;
				LD_RUNPATH_SEARCH_PATHS = "$(inherited) @executable_path/Frameworks";
				PRODUCT_BUNDLE_IDENTIFIER = com.felix.aashishtamsya.UserLocation;
				PRODUCT_NAME = "$(TARGET_NAME)";
			};
			name = Debug;
		};
		E149368A1D447776005A8B90 /* Release */ = {
			isa = XCBuildConfiguration;
			buildSettings = {
				ASSETCATALOG_COMPILER_APPICON_NAME = AppIcon;
				INFOPLIST_FILE = UserLocation/Info.plist;
				LD_RUNPATH_SEARCH_PATHS = "$(inherited) @executable_path/Frameworks";
				PRODUCT_BUNDLE_IDENTIFIER = com.felix.aashishtamsya.UserLocation;
				PRODUCT_NAME = "$(TARGET_NAME)";
			};
			name = Release;
		};
		E149368C1D447776005A8B90 /* Debug */ = {
			isa = XCBuildConfiguration;
			buildSettings = {
				BUNDLE_LOADER = "$(TEST_HOST)";
				INFOPLIST_FILE = UserLocationTests/Info.plist;
				LD_RUNPATH_SEARCH_PATHS = "$(inherited) @executable_path/Frameworks @loader_path/Frameworks";
				PRODUCT_BUNDLE_IDENTIFIER = com.felix.aashishtamsya.UserLocationTests;
				PRODUCT_NAME = "$(TARGET_NAME)";
				TEST_HOST = "$(BUILT_PRODUCTS_DIR)/UserLocation.app/UserLocation";
			};
			name = Debug;
		};
		E149368D1D447776005A8B90 /* Release */ = {
			isa = XCBuildConfiguration;
			buildSettings = {
				BUNDLE_LOADER = "$(TEST_HOST)";
				INFOPLIST_FILE = UserLocationTests/Info.plist;
				LD_RUNPATH_SEARCH_PATHS = "$(inherited) @executable_path/Frameworks @loader_path/Frameworks";
				PRODUCT_BUNDLE_IDENTIFIER = com.felix.aashishtamsya.UserLocationTests;
				PRODUCT_NAME = "$(TARGET_NAME)";
				TEST_HOST = "$(BUILT_PRODUCTS_DIR)/UserLocation.app/UserLocation";
			};
			name = Release;
		};
		E149368F1D447776005A8B90 /* Debug */ = {
			isa = XCBuildConfiguration;
			buildSettings = {
				INFOPLIST_FILE = UserLocationUITests/Info.plist;
				LD_RUNPATH_SEARCH_PATHS = "$(inherited) @executable_path/Frameworks @loader_path/Frameworks";
				PRODUCT_BUNDLE_IDENTIFIER = com.felix.aashishtamsya.UserLocationUITests;
				PRODUCT_NAME = "$(TARGET_NAME)";
				TEST_TARGET_NAME = UserLocation;
			};
			name = Debug;
		};
		E14936901D447776005A8B90 /* Release */ = {
			isa = XCBuildConfiguration;
			buildSettings = {
				INFOPLIST_FILE = UserLocationUITests/Info.plist;
				LD_RUNPATH_SEARCH_PATHS = "$(inherited) @executable_path/Frameworks @loader_path/Frameworks";
				PRODUCT_BUNDLE_IDENTIFIER = com.felix.aashishtamsya.UserLocationUITests;
				PRODUCT_NAME = "$(TARGET_NAME)";
				TEST_TARGET_NAME = UserLocation;
			};
			name = Release;
		};
/* End XCBuildConfiguration section */

/* Begin XCConfigurationList section */
		E14936561D447774005A8B90 /* Build configuration list for PBXProject "UserLocation" */ = {
			isa = XCConfigurationList;
			buildConfigurations = (
				E14936861D447776005A8B90 /* Debug */,
				E14936871D447776005A8B90 /* Release */,
			);
			defaultConfigurationIsVisible = 0;
			defaultConfigurationName = Release;
		};
		E14936881D447776005A8B90 /* Build configuration list for PBXNativeTarget "UserLocation" */ = {
			isa = XCConfigurationList;
			buildConfigurations = (
				E14936891D447776005A8B90 /* Debug */,
				E149368A1D447776005A8B90 /* Release */,
			);
			defaultConfigurationIsVisible = 0;
			defaultConfigurationName = Release;
		};
		E149368B1D447776005A8B90 /* Build configuration list for PBXNativeTarget "UserLocationTests" */ = {
			isa = XCConfigurationList;
			buildConfigurations = (
				E149368C1D447776005A8B90 /* Debug */,
				E149368D1D447776005A8B90 /* Release */,
			);
			defaultConfigurationIsVisible = 0;
			defaultConfigurationName = Release;
		};
		E149368E1D447776005A8B90 /* Build configuration list for PBXNativeTarget "UserLocationUITests" */ = {
			isa = XCConfigurationList;
			buildConfigurations = (
				E149368F1D447776005A8B90 /* Debug */,
				E14936901D447776005A8B90 /* Release */,
			);
			defaultConfigurationIsVisible = 0;
			defaultConfigurationName = Release;
		};
/* End XCConfigurationList section */
	};
	rootObject = E14936531D447774005A8B90 /* Project object */;
}
